
Microsoft Visual Studio Solution File, Format Version 12.00
# Visual Studio Version 17
VisualStudioVersion = 17.4.33110.190
MinimumVisualStudioVersion = 10.0.40219.1
Project("{9A19103F-16F7-4668-BE54-9A1E7A4F7556}") = "inlämningbank", "inlämingbank\inlämningbank.csproj", "{8B0C750F-4BAB-433C-BB3B-6502BA0A59F3}"
EndProject
Global
	GlobalSection(SolutionConfigurationPlatforms) = preSolution
		Debug|Any CPU = Debug|Any CPU
		Release|Any CPU = Release|Any CPU
	EndGlobalSection
	GlobalSection(ProjectConfigurationPlatforms) = postSolution
		{8B0C750F-4BAB-433C-BB3B-6502BA0A59F3}.Debug|Any CPU.ActiveCfg = Debug|Any CPU
		{8B0C750F-4BAB-433C-BB3B-6502BA0A59F3}.Debug|Any CPU.Build.0 = Debug|Any CPU
		{8B0C750F-4BAB-433C-BB3B-6502BA0A59F3}.Release|Any CPU.ActiveCfg = Release|Any CPU
		{8B0C750F-4BAB-433C-BB3B-6502BA0A59F3}.Release|Any CPU.Build.0 = Release|Any CPU
	EndGlobalSection
	GlobalSection(SolutionProperties) = preSolution
		HideSolutionNode = FALSE
	EndGlobalSection
	GlobalSection(ExtensibilityGlobals) = postSolution
		SolutionGuid = {F0308238-BDB8-47DC-8409-0E8B249BCFE1}
	EndGlobalSection
EndGlobal
